
Microsoft Visual Studio Solution File, Format Version 12.00
# Visual Studio Version 16
VisualStudioVersion = 16.0.31025.194
MinimumVisualStudioVersion = 10.0.40219.1
Project("{FAE04EC0-301F-11D3-BF4B-00C04F79EFBC}") = "SoftEngWebEmployee", "SoftEngWebEmployee.csproj", "{D63C51E1-3B70-4C9D-AE2F-8380E0AAA91C}"
EndProject
Project("{2150E333-8FDC-42A3-9474-1A3956D46DE8}") = "Solution Items", "Solution Items", "{4992C26D-24FC-4D58-827F-563E4951013E}"
	ProjectSection(SolutionItems) = preProject
		.editorconfig = .editorconfig
	EndProjectSection
EndProject
Global
	GlobalSection(SolutionConfigurationPlatforms) = preSolution
		Debug|Any CPU = Debug|Any CPU
		Release|Any CPU = Release|Any CPU
	EndGlobalSection
	GlobalSection(ProjectConfigurationPlatforms) = postSolution
		{D63C51E1-3B70-4C9D-AE2F-8380E0AAA91C}.Debug|Any CPU.ActiveCfg = Debug|Any CPU
		{D63C51E1-3B70-4C9D-AE2F-8380E0AAA91C}.Debug|Any CPU.Build.0 = Debug|Any CPU
		{D63C51E1-3B70-4C9D-AE2F-8380E0AAA91C}.Release|Any CPU.ActiveCfg = Release|Any CPU
		{D63C51E1-3B70-4C9D-AE2F-8380E0AAA91C}.Release|Any CPU.Build.0 = Release|Any CPU
	EndGlobalSection
	GlobalSection(SolutionProperties) = preSolution
		HideSolutionNode = FALSE
	EndGlobalSection
	GlobalSection(ExtensibilityGlobals) = postSolution
		SolutionGuid = {B558F6AF-26E9-4A98-AD86-DF8A6B886581}
	EndGlobalSection
EndGlobal
